
Microsoft Visual Studio Solution File, Format Version 12.00
# Visual Studio Version 17
VisualStudioVersion = 17.3.32901.215
MinimumVisualStudioVersion = 10.0.40219.1
Project("{9A19103F-16F7-4668-BE54-9A1E7A4F7556}") = "Week6StringsAndArrays", "Week6StringsAndArrays\Week6StringsAndArrays.csproj", "{E853D908-6757-4BA6-A28E-C1BD71EBDF94}"
EndProject
Project("{FAE04EC0-301F-11D3-BF4B-00C04F79EFBC}") = "Arrays", "Arrays\Arrays.csproj", "{C06A0668-79F7-4E0F-8752-E3ABF0259D38}"
EndProject
Project("{FAE04EC0-301F-11D3-BF4B-00C04F79EFBC}") = "NumberArrays", "NumberArrays\NumberArrays.csproj", "{A5C559EA-5543-4759-B26C-6CB1A0845BB0}"
EndProject
Project("{FAE04EC0-301F-11D3-BF4B-00C04F79EFBC}") = "RandomElement", "RandomElement\RandomElement.csproj", "{069A5D5E-35A7-4ADC-9144-CBC14B00A9E1}"
EndProject
Global
	GlobalSection(SolutionConfigurationPlatforms) = preSolution
		Debug|Any CPU = Debug|Any CPU
		Release|Any CPU = Release|Any CPU
	EndGlobalSection
	GlobalSection(ProjectConfigurationPlatforms) = postSolution
		{E853D908-6757-4BA6-A28E-C1BD71EBDF94}.Debug|Any CPU.ActiveCfg = Debug|Any CPU
		{E853D908-6757-4BA6-A28E-C1BD71EBDF94}.Debug|Any CPU.Build.0 = Debug|Any CPU
		{E853D908-6757-4BA6-A28E-C1BD71EBDF94}.Release|Any CPU.ActiveCfg = Release|Any CPU
		{E853D908-6757-4BA6-A28E-C1BD71EBDF94}.Release|Any CPU.Build.0 = Release|Any CPU
		{C06A0668-79F7-4E0F-8752-E3ABF0259D38}.Debug|Any CPU.ActiveCfg = Debug|Any CPU
		{C06A0668-79F7-4E0F-8752-E3ABF0259D38}.Debug|Any CPU.Build.0 = Debug|Any CPU
		{C06A0668-79F7-4E0F-8752-E3ABF0259D38}.Release|Any CPU.ActiveCfg = Release|Any CPU
		{C06A0668-79F7-4E0F-8752-E3ABF0259D38}.Release|Any CPU.Build.0 = Release|Any CPU
		{A5C559EA-5543-4759-B26C-6CB1A0845BB0}.Debug|Any CPU.ActiveCfg = Debug|Any CPU
		{A5C559EA-5543-4759-B26C-6CB1A0845BB0}.Debug|Any CPU.Build.0 = Debug|Any CPU
		{A5C559EA-5543-4759-B26C-6CB1A0845BB0}.Release|Any CPU.ActiveCfg = Release|Any CPU
		{A5C559EA-5543-4759-B26C-6CB1A0845BB0}.Release|Any CPU.Build.0 = Release|Any CPU
		{069A5D5E-35A7-4ADC-9144-CBC14B00A9E1}.Debug|Any CPU.ActiveCfg = Debug|Any CPU
		{069A5D5E-35A7-4ADC-9144-CBC14B00A9E1}.Debug|Any CPU.Build.0 = Debug|Any CPU
		{069A5D5E-35A7-4ADC-9144-CBC14B00A9E1}.Release|Any CPU.ActiveCfg = Release|Any CPU
		{069A5D5E-35A7-4ADC-9144-CBC14B00A9E1}.Release|Any CPU.Build.0 = Release|Any CPU
	EndGlobalSection
	GlobalSection(SolutionProperties) = preSolution
		HideSolutionNode = FALSE
	EndGlobalSection
	GlobalSection(ExtensibilityGlobals) = postSolution
		SolutionGuid = {83E9B29D-45AE-4AE9-95B5-31F07FC5B805}
	EndGlobalSection
EndGlobal
